
Microsoft Visual Studio Solution File, Format Version 12.00
# Visual Studio 15
VisualStudioVersion = 15.0.27130.2036
MinimumVisualStudioVersion = 10.0.40219.1
Project("{9A19103F-16F7-4668-BE54-9A1E7A4F7556}") = "Transport_solution", "demo1\Transport_solution.csproj", "{D06B0DB5-A241-4DF1-92EF-0EC237B5C843}"
EndProject
Global
	GlobalSection(SolutionConfigurationPlatforms) = preSolution
		Debug|Any CPU = Debug|Any CPU
		Release|Any CPU = Release|Any CPU
	EndGlobalSection
	GlobalSection(ProjectConfigurationPlatforms) = postSolution
		{D06B0DB5-A241-4DF1-92EF-0EC237B5C843}.Debug|Any CPU.ActiveCfg = Debug|Any CPU
		{D06B0DB5-A241-4DF1-92EF-0EC237B5C843}.Debug|Any CPU.Build.0 = Debug|Any CPU
		{D06B0DB5-A241-4DF1-92EF-0EC237B5C843}.Release|Any CPU.ActiveCfg = Release|Any CPU
		{D06B0DB5-A241-4DF1-92EF-0EC237B5C843}.Release|Any CPU.Build.0 = Release|Any CPU
	EndGlobalSection
	GlobalSection(SolutionProperties) = preSolution
		HideSolutionNode = FALSE
	EndGlobalSection
	GlobalSection(ExtensibilityGlobals) = postSolution
		SolutionGuid = {AA611F73-6205-4894-BEB1-A5E0EAA96CA6}
	EndGlobalSection
EndGlobal
